<?xml version="1.0" encoding="utf-8"?>
<Project ToolsVersion="4.0" xmlns="http://schemas.microsoft.com/developer/msbuild/2003">
  <ItemGroup>
    <CudaCompile Include="kernel.cu" />
  </ItemGroup>
  <ItemGroup>
    <ClInclude Include="Operations.cuh">
      <Filter>Operators</Filter>
    </ClInclude>
    <ClInclude Include="Box.cuh">
      <Filter>Shapes</Filter>
    </ClInclude>
    <ClInclude Include="BoxBound.cuh">
      <Filter>Shapes</Filter>
    </ClInclude>
    <ClInclude Include="BoxRound.cuh">
      <Filter>Shapes</Filter>
    </ClInclude>
    <ClInclude Include="Figure.cuh">
      <Filter>Shapes</Filter>
    </ClInclude>
    <ClInclude Include="Figures.cuh">
      <Filter>Shapes</Filter>
    </ClInclude>
    <ClInclude Include="Sphere.cuh">
      <Filter>Shapes</Filter>
    </ClInclude>
    <ClInclude Include="Operation.cuh">
      <Filter>Operators\Normal</Filter>
    </ClInclude>
    <ClInclude Include="OpIntersection.cuh">
      <Filter>Operators\Normal</Filter>
    </ClInclude>
    <ClInclude Include="OpSubtraction.cuh">
      <Filter>Operators\Normal</Filter>
    </ClInclude>
    <ClInclude Include="OpUnion.cuh">
      <Filter>Operators\Normal</Filter>
    </ClInclude>
    <ClInclude Include="SmoothOperation.cuh">
      <Filter>Operators\Smooth</Filter>
    </ClInclude>
    <ClInclude Include="SmOpUnion.cuh">
      <Filter>Operators\Smooth</Filter>
    </ClInclude>
    <ClInclude Include="SmOpSubtraction.cuh">
      <Filter>Operators\Smooth</Filter>
    </ClInclude>
    <ClInclude Include="SmOpIntersection.cuh">
      <Filter>Operators\Smooth</Filter>
    </ClInclude>
    <ClInclude Include="Scene.cuh" />
    <ClInclude Include="Controls.cuh" />
    <ClInclude Include="Prism.cuh">
      <Filter>Shapes</Filter>
    </ClInclude>
    <ClInclude Include="Pyramid.cuh">
      <Filter>Shapes</Filter>
    </ClInclude>
    <ClInclude Include="OpRepeat.cuh">
      <Filter>Operators\Normal</Filter>
    </ClInclude>
    <ClInclude Include="SierpinskiTriangle.cuh">
      <Filter>Shapes</Filter>
    </ClInclude>
    <ClInclude Include="Mandelbrot.cuh">
      <Filter>Shapes</Filter>
    </ClInclude>
  </ItemGroup>
  <ItemGroup>
    <Filter Include="Operators">
      <UniqueIdentifier>{915d2864-faea-454c-997b-67a9a156cef2}</UniqueIdentifier>
    </Filter>
    <Filter Include="Shapes">
      <UniqueIdentifier>{d97345c3-a1b4-4c64-a7a3-d61fc150c5cf}</UniqueIdentifier>
    </Filter>
    <Filter Include="Operators\Normal">
      <UniqueIdentifier>{0cbaf8c7-64a0-4a7e-b1f0-4bfd2f08df69}</UniqueIdentifier>
    </Filter>
    <Filter Include="Operators\Smooth">
      <UniqueIdentifier>{85e538a7-25a5-444a-8c0e-d4cc282425cd}</UniqueIdentifier>
    </Filter>
  </ItemGroup>
</Project>